lockfileVersion: '9.0'

settings:
  autoInstallPeers: true
  excludeLinksFromLockfile: false

importers:

  .:
    dependencies:
      '@cf-wasm/photon':
        specifier: ^0.1.23
        version: 0.1.23
      aws4fetch:
        specifier: ^1.0.19
        version: 1.0.19

packages:

  '@cf-wasm/internals@0.0.2':
    resolution: {integrity: sha512-fVAJfQbm23yK+a/aTNnaS8DvddbxFLdCzlsqghbIbXFfpOO6JKBsQL3p31NJJKwzB2H0M3msxRAT2xDo9iHsyw==}

  '@cf-wasm/photon@0.1.23':
    resolution: {integrity: sha512-2cTINrmXiJchs0QGCOezKq+yLHykZw1Pc/SmlqQQrG7eQCzBmx1MH9Pa9KvpGehslUynutTSWooP5v8QcRoAxw==}

  aws4fetch@1.0.19:
    resolution: {integrity: sha512-N+F8pZ9hVjckkHODDyalITRNxBJxAGX5ShkVoAgHwqERXsW8Iu5ziFx3SCjGlxx/YStWBTZx4HI/GCMvTBu5kQ==}

snapshots:

  '@cf-wasm/internals@0.0.2': {}

  '@cf-wasm/photon@0.1.23':
    dependencies:
      '@cf-wasm/internals': 0.0.2

  aws4fetch@1.0.19: {}
